
Microsoft Visual Studio Solution File, Format Version 12.00
# Visual Studio 14
VisualStudioVersion = 14.0.24720.0
MinimumVisualStudioVersion = 10.0.40219.1
Project("{8BC9CEB8-8B4A-11D0-8D11-00A0C91BC942}") = "Praxis3D", "Praxis3D\Praxis3D.vcxproj", "{A97875DA-A9E8-4B91-928C-8F0CE88581B9}"
EndProject
Global
	GlobalSection(SolutionConfigurationPlatforms) = preSolution
		Debug 64bit|x64 = Debug 64bit|x64
		Debug 64bit|x86 = Debug 64bit|x86
		Debug|x64 = Debug|x64
		Debug|x86 = Debug|x86
		Release 64bit|x64 = Release 64bit|x64
		Release 64bit|x86 = Release 64bit|x86
		Release|x64 = Release|x64
		Release|x86 = Release|x86
	EndGlobalSection
	GlobalSection(ProjectConfigurationPlatforms) = postSolution
		{A97875DA-A9E8-4B91-928C-8F0CE88581B9}.Debug 64bit|x64.ActiveCfg = Debug 64bit|x64
		{A97875DA-A9E8-4B91-928C-8F0CE88581B9}.Debug 64bit|x64.Build.0 = Debug 64bit|x64
		{A97875DA-A9E8-4B91-928C-8F0CE88581B9}.Debug 64bit|x86.ActiveCfg = Debug 64bit|Win32
		{A97875DA-A9E8-4B91-928C-8F0CE88581B9}.Debug 64bit|x86.Build.0 = Debug 64bit|Win32
		{A97875DA-A9E8-4B91-928C-8F0CE88581B9}.Debug|x64.ActiveCfg = Debug|x64
		{A97875DA-A9E8-4B91-928C-8F0CE88581B9}.Debug|x64.Build.0 = Debug|x64
		{A97875DA-A9E8-4B91-928C-8F0CE88581B9}.Debug|x86.ActiveCfg = Debug|Win32
		{A97875DA-A9E8-4B91-928C-8F0CE88581B9}.Debug|x86.Build.0 = Debug|Win32
		{A97875DA-A9E8-4B91-928C-8F0CE88581B9}.Release 64bit|x64.ActiveCfg = Release 64bit|x64
		{A97875DA-A9E8-4B91-928C-8F0CE88581B9}.Release 64bit|x64.Build.0 = Release 64bit|x64
		{A97875DA-A9E8-4B91-928C-8F0CE88581B9}.Release 64bit|x86.ActiveCfg = Release 64bit|Win32
		{A97875DA-A9E8-4B91-928C-8F0CE88581B9}.Release 64bit|x86.Build.0 = Release 64bit|Win32
		{A97875DA-A9E8-4B91-928C-8F0CE88581B9}.Release|x64.ActiveCfg = Release|x64
		{A97875DA-A9E8-4B91-928C-8F0CE88581B9}.Release|x64.Build.0 = Release|x64
		{A97875DA-A9E8-4B91-928C-8F0CE88581B9}.Release|x86.ActiveCfg = Release|Win32
		{A97875DA-A9E8-4B91-928C-8F0CE88581B9}.Release|x86.Build.0 = Release|Win32
	EndGlobalSection
	GlobalSection(SolutionProperties) = preSolution
		HideSolutionNode = FALSE
	EndGlobalSection
EndGlobal
