<?xml version="1.0" encoding="utf-8"?>
<Project ToolsVersion="4.0" xmlns="http://schemas.microsoft.com/developer/msbuild/2003">
  <ItemGroup>
    <Filter Include="Source Files">
      <UniqueIdentifier>{4FC737F1-C7A5-4376-A066-2A32D752A2FF}</UniqueIdentifier>
      <Extensions>cpp;c;cc;cxx;def;odl;idl;hpj;bat;asm;asmx</Extensions>
    </Filter>
    <Filter Include="Header Files">
      <UniqueIdentifier>{93995380-89BD-4b04-88EB-625FBE52EBFB}</UniqueIdentifier>
      <Extensions>h;hh;hpp;hxx;hm;inl;inc;xsd</Extensions>
    </Filter>
    <Filter Include="Resource Files">
      <UniqueIdentifier>{67DA6AB6-F800-4c08-8B7A-83BB121AAD01}</UniqueIdentifier>
      <Extensions>rc;ico;cur;bmp;dlg;rc2;rct;bin;rgs;gif;jpg;jpeg;jpe;resx;tiff;tif;png;wav;mfcribbon-ms</Extensions>
    </Filter>
    <Filter Include="Error Handler">
      <UniqueIdentifier>{527078f0-5ddf-457f-905e-60c0a061b178}</UniqueIdentifier>
    </Filter>
    <Filter Include="Loaders">
      <UniqueIdentifier>{1793a391-f01d-489e-ab8b-623f7c11dddb}</UniqueIdentifier>
    </Filter>
    <Filter Include="Renderer">
      <UniqueIdentifier>{762a3635-e177-4908-92fc-b59df1af9011}</UniqueIdentifier>
    </Filter>
    <Filter Include="Scripting">
      <UniqueIdentifier>{97d3a3e7-453c-44bf-96b4-1a5e3262ebd8}</UniqueIdentifier>
    </Filter>
    <Filter Include="Service Locators">
      <UniqueIdentifier>{159a020c-bb51-4396-9c31-ea49e1945fb7}</UniqueIdentifier>
    </Filter>
    <Filter Include="Shaders">
      <UniqueIdentifier>{9a5d20b8-3826-46ae-80c7-b4f0d92833e2}</UniqueIdentifier>
    </Filter>
    <Filter Include="Task Systems">
      <UniqueIdentifier>{7884a775-a801-4368-a5d1-bc971d20cf84}</UniqueIdentifier>
    </Filter>
    <Filter Include="Error Handler\Header Files">
      <UniqueIdentifier>{c0cc073d-92a1-41e3-a19d-778b74c18b23}</UniqueIdentifier>
    </Filter>
    <Filter Include="Loaders\Header Files">
      <UniqueIdentifier>{6c84e2b4-5138-47eb-a22b-d57c2bfd80bf}</UniqueIdentifier>
    </Filter>
    <Filter Include="Task Systems\Header Files">
      <UniqueIdentifier>{23e5cba8-50f2-4da2-b633-d0c2daa80d1b}</UniqueIdentifier>
    </Filter>
    <Filter Include="Shaders\Header Files">
      <UniqueIdentifier>{b65b6534-32ee-424a-8221-626611204e2a}</UniqueIdentifier>
    </Filter>
    <Filter Include="Service Locators\Header Files">
      <UniqueIdentifier>{72ba355d-6075-41b9-9410-3082f9dc3a07}</UniqueIdentifier>
    </Filter>
    <Filter Include="Scripting\Header Files">
      <UniqueIdentifier>{a8026cf1-b125-4d8c-a821-461e3847ae72}</UniqueIdentifier>
    </Filter>
    <Filter Include="Renderer\Header Files">
      <UniqueIdentifier>{fdd2e934-f479-42e8-b9aa-6ea62965fb30}</UniqueIdentifier>
    </Filter>
    <Filter Include="Error Handler\Source Files">
      <UniqueIdentifier>{4ed0debc-38a6-4bb1-90c8-dd0ac7d45a45}</UniqueIdentifier>
    </Filter>
    <Filter Include="Loaders\Source Files">
      <UniqueIdentifier>{02fb5669-6977-4d02-a630-0a9832c16488}</UniqueIdentifier>
    </Filter>
    <Filter Include="Task Systems\Source Files">
      <UniqueIdentifier>{0d4807fe-34bd-4d3f-874a-e1f5aff44855}</UniqueIdentifier>
    </Filter>
    <Filter Include="Shaders\Source Files">
      <UniqueIdentifier>{4e0fc49e-14f8-4628-a6af-b89316867b8c}</UniqueIdentifier>
    </Filter>
    <Filter Include="Service Locators\Source Files">
      <UniqueIdentifier>{23f31a49-9c98-421b-a92f-02c761c14bbd}</UniqueIdentifier>
    </Filter>
    <Filter Include="Scripting\Source Files">
      <UniqueIdentifier>{99cc98b8-4791-476a-b5d9-b9145cfe5dfe}</UniqueIdentifier>
    </Filter>
    <Filter Include="Renderer\Source Files">
      <UniqueIdentifier>{6cdba2cf-f62f-4908-b999-e66e29fcfd7b}</UniqueIdentifier>
    </Filter>
    <Filter Include="Scripting\Objects">
      <UniqueIdentifier>{27407ea5-ae43-4495-8fb6-7632dbe46b52}</UniqueIdentifier>
    </Filter>
    <Filter Include="Renderer\Objects">
      <UniqueIdentifier>{95899e83-b73c-4db4-9e86-a89e400af84b}</UniqueIdentifier>
    </Filter>
    <Filter Include="Scripting\Objects\Header Files">
      <UniqueIdentifier>{099a1c14-0bf1-4151-8504-d93efa2ef3d9}</UniqueIdentifier>
    </Filter>
    <Filter Include="Scripting\Objects\Source Files">
      <UniqueIdentifier>{fd6863a9-2ba9-4867-95a0-07ec73e64e1d}</UniqueIdentifier>
    </Filter>
    <Filter Include="Renderer\Objects\Header Files">
      <UniqueIdentifier>{f910eb77-1789-4857-8cab-1c8aa943f607}</UniqueIdentifier>
    </Filter>
    <Filter Include="Renderer\Objects\Source Files">
      <UniqueIdentifier>{d068d5ec-015b-49b9-9ab9-d916853c91ba}</UniqueIdentifier>
    </Filter>
    <Filter Include="Shaders\Shader Files">
      <UniqueIdentifier>{8a7430b9-2eb2-4ed9-95e7-4dc4562e0cf8}</UniqueIdentifier>
    </Filter>
    <Filter Include="Engine States">
      <UniqueIdentifier>{2ede773b-3125-41f3-9d9b-995f909d6c4c}</UniqueIdentifier>
    </Filter>
    <Filter Include="Engine States\Header Files">
      <UniqueIdentifier>{b0f033ce-97f6-4177-9397-f71c16a814bf}</UniqueIdentifier>
    </Filter>
    <Filter Include="Engine States\Source Files">
      <UniqueIdentifier>{819ed32a-501c-459f-a502-656acde391a4}</UniqueIdentifier>
    </Filter>
    <Filter Include="Renderer\Render Passes">
      <UniqueIdentifier>{18ca1fc3-f7a9-4f5e-b088-22a01715d92f}</UniqueIdentifier>
    </Filter>
    <Filter Include="Renderer\Render Passes\Header Files">
      <UniqueIdentifier>{eda25418-0a69-4c4c-8b9a-7a4f8f6fc615}</UniqueIdentifier>
    </Filter>
    <Filter Include="Renderer\Render Passes\Source Files">
      <UniqueIdentifier>{708c459e-c8f0-4a2c-b313-f0ab523d5163}</UniqueIdentifier>
    </Filter>
    <Filter Include="World">
      <UniqueIdentifier>{47bff9fb-661a-461d-9b39-a2364304b669}</UniqueIdentifier>
    </Filter>
    <Filter Include="World\Header Files">
      <UniqueIdentifier>{2a3e7aee-9afd-4007-8de7-83252feb3b9c}</UniqueIdentifier>
    </Filter>
    <Filter Include="World\Source Files">
      <UniqueIdentifier>{ef9fc0a2-c5b9-4436-9390-d0e8b46beeb7}</UniqueIdentifier>
    </Filter>
    <Filter Include="GUI">
      <UniqueIdentifier>{5d9cc408-17a7-4f79-a669-b3449d7c1f4b}</UniqueIdentifier>
    </Filter>
    <Filter Include="GUI\Header Files">
      <UniqueIdentifier>{5b18d5ae-2a79-4bb2-86d8-b021445d22a8}</UniqueIdentifier>
    </Filter>
    <Filter Include="GUI\Source Files">
      <UniqueIdentifier>{4257612d-0208-4a78-b788-2553db8da2f7}</UniqueIdentifier>
    </Filter>
    <Filter Include="GUI\Objects">
      <UniqueIdentifier>{29af1193-a5e7-4f6c-9fc7-a7a1b4382503}</UniqueIdentifier>
    </Filter>
    <Filter Include="GUI\Objects\Header Files">
      <UniqueIdentifier>{2111e2f4-fd05-445b-9534-8e7beb5504fc}</UniqueIdentifier>
    </Filter>
    <Filter Include="GUI\Objects\Source Files">
      <UniqueIdentifier>{e75f10ec-4a83-4f51-8b00-0c9dc4522066}</UniqueIdentifier>
    </Filter>
    <Filter Include="Physics">
      <UniqueIdentifier>{64d4b142-cab0-4ebf-91d1-0825ea522a06}</UniqueIdentifier>
    </Filter>
    <Filter Include="Physics\Header Files">
      <UniqueIdentifier>{727c47c4-6719-4f55-a31d-c926f6ca7f9e}</UniqueIdentifier>
    </Filter>
    <Filter Include="Physics\Source Files">
      <UniqueIdentifier>{3ce1f9b3-cfd0-497a-9015-72a1bd709383}</UniqueIdentifier>
    </Filter>
    <Filter Include="Data Managers">
      <UniqueIdentifier>{1d4c199c-6fd9-492b-9c8d-23af455d408f}</UniqueIdentifier>
    </Filter>
    <Filter Include="Audio">
      <UniqueIdentifier>{b0af423c-ca96-4651-8735-d17c9593c49e}</UniqueIdentifier>
    </Filter>
    <Filter Include="Audio\Header Files">
      <UniqueIdentifier>{fb7679a3-0a75-473e-9935-b7fdf9cf027f}</UniqueIdentifier>
    </Filter>
    <Filter Include="Audio\Source Files">
      <UniqueIdentifier>{f3cfd48d-1244-403a-abd6-62cda62bf679}</UniqueIdentifier>
    </Filter>
    <Filter Include="Audio\Components">
      <UniqueIdentifier>{de63b868-204f-4f5a-9bf7-56e48e541097}</UniqueIdentifier>
    </Filter>
    <Filter Include="3rd Party">
      <UniqueIdentifier>{8bd3d7d6-504d-440d-b077-80c9e167818e}</UniqueIdentifier>
    </Filter>
    <Filter Include="3rd Party\imgui">
      <UniqueIdentifier>{21610611-3d67-4391-9a40-c517773edd85}</UniqueIdentifier>
    </Filter>
    <Filter Include="3rd Party\imgui\Header Files">
      <UniqueIdentifier>{91bc37cb-772a-4d51-9b83-3f9af2806aab}</UniqueIdentifier>
    </Filter>
    <Filter Include="3rd Party\imgui\Source Files">
      <UniqueIdentifier>{62cfc7e5-8f92-4ff5-bcc3-0319fec10b3c}</UniqueIdentifier>
    </Filter>
    <Filter Include="World\Components">
      <UniqueIdentifier>{073f3e46-6b78-459f-b76e-6a8931bf6a7d}</UniqueIdentifier>
    </Filter>
    <Filter Include="Physics\Components">
      <UniqueIdentifier>{ca05ff66-0884-4e5e-82cf-a7ec62640633}</UniqueIdentifier>
    </Filter>
    <Filter Include="Physics\Components\Header Files">
      <UniqueIdentifier>{22318761-baf8-4bed-9e91-3a324bf6a25e}</UniqueIdentifier>
    </Filter>
    <Filter Include="Physics\Components\Source Files">
      <UniqueIdentifier>{e4bd1596-5b50-413b-a01b-50f9b63d2f61}</UniqueIdentifier>
    </Filter>
    <Filter Include="3rd Party\imgui_tex_inspect">
      <UniqueIdentifier>{1baaf603-4eff-47a8-8596-afcc9775eb02}</UniqueIdentifier>
    </Filter>
    <Filter Include="3rd Party\imgui_tex_inspect\Header Files">
      <UniqueIdentifier>{2ccb8c0e-011a-4086-a79f-f036a45f9844}</UniqueIdentifier>
    </Filter>
    <Filter Include="3rd Party\imgui_tex_inspect\Source Files">
      <UniqueIdentifier>{33d7137d-f092-4a4d-a706-a5e56bf889bd}</UniqueIdentifier>
    </Filter>
    <Filter Include="3rd Party\ImGuiFileDialog">
      <UniqueIdentifier>{64b58db8-35ed-4a66-b8c7-bab40e593fb2}</UniqueIdentifier>
    </Filter>
    <Filter Include="3rd Party\ImGuizmo">
      <UniqueIdentifier>{35332447-1f2e-4c5e-84ae-3e83c20e317d}</UniqueIdentifier>
    </Filter>
    <Filter Include="3rd Party\ImGuiColorTextEdit">
      <UniqueIdentifier>{5c100d62-3eb7-4661-9688-6eaa6d863291}</UniqueIdentifier>
    </Filter>
  </ItemGroup>
  <ItemGroup>
    <ClCompile Include="main.cpp">
      <Filter>Source Files</Filter>
    </ClCompile>
    <ClCompile Include="Source\ErrorCodes.cpp">
      <Filter>Error Handler\Source Files</Filter>
    </ClCompile>
    <ClCompile Include="Source\ErrorHandler.cpp">
      <Filter>Error Handler\Source Files</Filter>
    </ClCompile>
    <ClCompile Include="Source\ConfigLoader.cpp">
      <Filter>Loaders\Source Files</Filter>
    </ClCompile>
    <ClCompile Include="Source\ModelLoader.cpp">
      <Filter>Loaders\Source Files</Filter>
    </ClCompile>
    <ClCompile Include="Source\PropertyLoader.cpp">
      <Filter>Loaders\Source Files</Filter>
    </ClCompile>
    <ClCompile Include="Source\SceneLoader.cpp">
      <Filter>Loaders\Source Files</Filter>
    </ClCompile>
    <ClCompile Include="Source\ShaderLoader.cpp">
      <Filter>Loaders\Source Files</Filter>
    </ClCompile>
    <ClCompile Include="Source\TextureLoader.cpp">
      <Filter>Loaders\Source Files</Filter>
    </ClCompile>
    <ClCompile Include="Source\SpinWait.cpp">
      <Filter>Task Systems\Source Files</Filter>
    </ClCompile>
    <ClCompile Include="Source\TaskManager.cpp">
      <Filter>Task Systems\Source Files</Filter>
    </ClCompile>
    <ClCompile Include="Source\TaskScheduler.cpp">
      <Filter>Task Systems\Source Files</Filter>
    </ClCompile>
    <ClCompile Include="Source\ClockLocator.cpp">
      <Filter>Service Locators\Source Files</Filter>
    </ClCompile>
    <ClCompile Include="Source\ErrorHandlerLocator.cpp">
      <Filter>Service Locators\Source Files</Filter>
    </ClCompile>
    <ClCompile Include="Source\Loaders.cpp">
      <Filter>Service Locators\Source Files</Filter>
    </ClCompile>
    <ClCompile Include="Source\TaskManagerLocator.cpp">
      <Filter>Service Locators\Source Files</Filter>
    </ClCompile>
    <ClCompile Include="Source\WindowLocator.cpp">
      <Filter>Service Locators\Source Files</Filter>
    </ClCompile>
    <ClCompile Include="Source\ScriptScene.cpp">
      <Filter>Scripting\Source Files</Filter>
    </ClCompile>
    <ClCompile Include="Source\ScriptSystem.cpp">
      <Filter>Scripting\Source Files</Filter>
    </ClCompile>
    <ClCompile Include="Source\ScriptTask.cpp">
      <Filter>Scripting\Source Files</Filter>
    </ClCompile>
    <ClCompile Include="Source\DeferredRenderer.cpp">
      <Filter>Renderer\Source Files</Filter>
    </ClCompile>
    <ClCompile Include="Source\GeometryBuffer.cpp">
      <Filter>Renderer\Source Files</Filter>
    </ClCompile>
    <ClCompile Include="Source\Renderer.cpp">
      <Filter>Renderer\Source Files</Filter>
    </ClCompile>
    <ClCompile Include="Source\RendererScene.cpp">
      <Filter>Renderer\Source Files</Filter>
    </ClCompile>
    <ClCompile Include="Source\RendererSystem.cpp">
      <Filter>Renderer\Source Files</Filter>
    </ClCompile>
    <ClCompile Include="Source\RenderTask.cpp">
      <Filter>Renderer\Source Files</Filter>
    </ClCompile>
    <ClCompile Include="Source\ShaderUniformUpdater.cpp">
      <Filter>Shaders\Source Files</Filter>
    </ClCompile>
    <ClCompile Include="Source\ChangeController.cpp">
      <Filter>Source Files</Filter>
    </ClCompile>
    <ClCompile Include="Source\Config.cpp">
      <Filter>Source Files</Filter>
    </ClCompile>
    <ClCompile Include="Source\Engine.cpp">
      <Filter>Source Files</Filter>
    </ClCompile>
    <ClCompile Include="Source\Input.cpp">
      <Filter>Source Files</Filter>
    </ClCompile>
    <ClCompile Include="Source\KeyCommand.cpp">
      <Filter>Source Files</Filter>
    </ClCompile>
    <ClCompile Include="Source\Math.cpp">
      <Filter>Source Files</Filter>
    </ClCompile>
    <ClCompile Include="Source\NullSystemObjects.cpp">
      <Filter>Source Files</Filter>
    </ClCompile>
    <ClCompile Include="Source\ObserverBase.cpp">
      <Filter>Source Files</Filter>
    </ClCompile>
    <ClCompile Include="Source\PropertySet.cpp">
      <Filter>Source Files</Filter>
    </ClCompile>
    <ClCompile Include="Source\Scancodes.cpp">
      <Filter>Source Files</Filter>
    </ClCompile>
    <ClCompile Include="Source\Universal.cpp">
      <Filter>Source Files</Filter>
    </ClCompile>
    <ClCompile Include="Source\Window.cpp">
      <Filter>Source Files</Filter>
    </ClCompile>
    <ClCompile Include="Source\PlayState.cpp">
      <Filter>Engine States\Source Files</Filter>
    </ClCompile>
    <ClCompile Include="Source\RendererBackend.cpp">
      <Filter>Renderer\Source Files</Filter>
    </ClCompile>
    <ClCompile Include="Source\RendererGL.cpp">
      <Filter>Renderer\Source Files</Filter>
    </ClCompile>
    <ClCompile Include="Source\RendererFrontend.cpp">
      <Filter>Renderer\Source Files</Filter>
    </ClCompile>
    <ClCompile Include="Source\BaseGraphicsObjects.cpp">
      <Filter>Source Files</Filter>
    </ClCompile>
    <ClCompile Include="Source\System.cpp">
      <Filter>Source Files</Filter>
    </ClCompile>
    <ClCompile Include="Source\AtmScatteringModel.cpp">
      <Filter>Renderer\Source Files</Filter>
    </ClCompile>
    <ClCompile Include="Source\AtmScatteringPass.cpp">
      <Filter>Renderer\Render Passes\Source Files</Filter>
    </ClCompile>
    <ClCompile Include="Source\WorldTask.cpp">
      <Filter>World\Source Files</Filter>
    </ClCompile>
    <ClCompile Include="Source\WorldScene.cpp">
      <Filter>World\Source Files</Filter>
    </ClCompile>
    <ClCompile Include="Source\ObjectDirectory.cpp">
      <Filter>Service Locators\Source Files</Filter>
    </ClCompile>
    <ClCompile Include="Source\BaseGraphicsComponent.cpp">
      <Filter>Source Files</Filter>
    </ClCompile>
    <ClCompile Include="Source\LightComponent.cpp">
      <Filter>Renderer\Objects\Source Files</Filter>
    </ClCompile>
    <ClCompile Include="Source\NullObjects.cpp">
      <Filter>Source Files</Filter>
    </ClCompile>
    <ClCompile Include="Source\LuaScript.cpp">
      <Filter>Renderer\Objects\Source Files</Filter>
    </ClCompile>
    <ClCompile Include="Source\GUIScene.cpp">
      <Filter>GUI\Source Files</Filter>
    </ClCompile>
    <ClCompile Include="Source\GUITask.cpp">
      <Filter>GUI\Source Files</Filter>
    </ClCompile>
    <ClCompile Include="Source\PhysicsScene.cpp">
      <Filter>Physics\Source Files</Filter>
    </ClCompile>
    <ClCompile Include="Source\PhysicsTask.cpp">
      <Filter>Physics\Source Files</Filter>
    </ClCompile>
    <ClCompile Include="Source\GUIHandlerLocator.cpp">
      <Filter>Service Locators\Source Files</Filter>
    </ClCompile>
    <ClCompile Include="..\Dependencies\include\imgui\imgui.cpp">
      <Filter>3rd Party\imgui\Source Files</Filter>
    </ClCompile>
    <ClCompile Include="..\Dependencies\include\imgui\imgui_demo.cpp">
      <Filter>3rd Party\imgui\Source Files</Filter>
    </ClCompile>
    <ClCompile Include="..\Dependencies\include\imgui\imgui_draw.cpp">
      <Filter>3rd Party\imgui\Source Files</Filter>
    </ClCompile>
    <ClCompile Include="..\Dependencies\include\imgui\imgui_tables.cpp">
      <Filter>3rd Party\imgui\Source Files</Filter>
    </ClCompile>
    <ClCompile Include="..\Dependencies\include\imgui\imgui_widgets.cpp">
      <Filter>3rd Party\imgui\Source Files</Filter>
    </ClCompile>
    <ClCompile Include="..\Dependencies\include\imgui\backends\imgui_impl_opengl3.cpp">
      <Filter>3rd Party\imgui\Source Files</Filter>
    </ClCompile>
    <ClCompile Include="Source\GUIHandler.cpp">
      <Filter>Source Files</Filter>
    </ClCompile>
    <ClCompile Include="Source\AudioScene.cpp">
      <Filter>Audio\Source Files</Filter>
    </ClCompile>
    <ClCompile Include="Source\AudioTask.cpp">
      <Filter>Audio\Source Files</Filter>
    </ClCompile>
    <ClCompile Include="Source\MainMenuState.cpp">
      <Filter>Engine States\Source Files</Filter>
    </ClCompile>
    <ClCompile Include="Source\EngineState.cpp">
      <Filter>Engine States\Source Files</Filter>
    </ClCompile>
    <ClCompile Include="Source\Definitions\Source Files\CommonDefinitions.cpp">
      <Filter>Source Files</Filter>
    </ClCompile>
    <ClCompile Include="Source\FmodErrorCodes.cpp">
      <Filter>Audio\Source Files</Filter>
    </ClCompile>
    <ClCompile Include="Source\EditorState.cpp">
      <Filter>Engine States\Source Files</Filter>
    </ClCompile>
    <ClCompile Include="Source\EditorWindow.cpp">
      <Filter>GUI\Objects\Source Files</Filter>
    </ClCompile>
    <ClCompile Include="..\Dependencies\include\imgui_tex_inspect\imgui_tex_inspect.cpp">
      <Filter>3rd Party\imgui_tex_inspect\Source Files</Filter>
    </ClCompile>
    <ClCompile Include="..\Dependencies\include\imgui_tex_inspect\tex_inspect_opengl.cpp">
      <Filter>3rd Party\imgui_tex_inspect\Source Files</Filter>
    </ClCompile>
    <ClCompile Include="..\Dependencies\include\ImGuiFileDialog\ImGuiFileDialog.cpp">
      <Filter>3rd Party\ImGuiFileDialog</Filter>
    </ClCompile>
    <ClCompile Include="Source\RigidBodyComponent.cpp">
      <Filter>Physics\Components\Source Files</Filter>
    </ClCompile>
    <ClCompile Include="..\Dependencies\include\imgui\imgui_stdlib.cpp">
      <Filter>3rd Party\imgui\Source Files</Filter>
    </ClCompile>
    <ClCompile Include="Source\AudioSystem.cpp">
      <Filter>Audio\Source Files</Filter>
    </ClCompile>
    <ClCompile Include="..\Dependencies\include\ImGuizmo\ImGuizmo.cpp">
      <Filter>3rd Party\ImGuizmo</Filter>
    </ClCompile>
    <ClCompile Include="..\Dependencies\include\ImGuiColorTextEdit\TextEditor.cpp">
      <Filter>3rd Party\ImGuiColorTextEdit</Filter>
    </ClCompile>
    <ClCompile Include="..\Dependencies\include\imgui\backends\imgui_impl_sdl2.cpp">
      <Filter>3rd Party\imgui\Source Files</Filter>
    </ClCompile>
    <ClCompile Include="..\Dependencies\include\ImGuiColorTextEdit\LanguageDefinitions.cpp">
      <Filter>3rd Party\ImGuiColorTextEdit</Filter>
    </ClCompile>
    <ClCompile Include="Source\AboutWindow.cpp">
      <Filter>GUI\Objects\Source Files</Filter>
    </ClCompile>
    <ClCompile Include="Source\GUISystem.cpp">
      <Filter>GUI\Source Files</Filter>
    </ClCompile>
  </ItemGroup>
  <ItemGroup>
    <ClInclude Include="Source\ErrorCodes.hpp">
      <Filter>Error Handler\Header Files</Filter>
    </ClInclude>
    <ClInclude Include="Source\ErrorHandler.hpp">
      <Filter>Error Handler\Header Files</Filter>
    </ClInclude>
    <ClInclude Include="Source\ConfigLoader.hpp">
      <Filter>Loaders\Header Files</Filter>
    </ClInclude>
    <ClInclude Include="Source\LoaderBase.hpp">
      <Filter>Loaders\Header Files</Filter>
    </ClInclude>
    <ClInclude Include="Source\ModelLoader.hpp">
      <Filter>Loaders\Header Files</Filter>
    </ClInclude>
    <ClInclude Include="Source\PropertyLoader.hpp">
      <Filter>Loaders\Header Files</Filter>
    </ClInclude>
    <ClInclude Include="Source\SceneLoader.hpp">
      <Filter>Loaders\Header Files</Filter>
    </ClInclude>
    <ClInclude Include="Source\ShaderLoader.hpp">
      <Filter>Loaders\Header Files</Filter>
    </ClInclude>
    <ClInclude Include="Source\TextureLoader.hpp">
      <Filter>Loaders\Header Files</Filter>
    </ClInclude>
    <ClInclude Include="Source\SpinWait.hpp">
      <Filter>Task Systems\Header Files</Filter>
    </ClInclude>
    <ClInclude Include="Source\TaskManager.hpp">
      <Filter>Task Systems\Header Files</Filter>
    </ClInclude>
    <ClInclude Include="Source\TaskScheduler.hpp">
      <Filter>Task Systems\Header Files</Filter>
    </ClInclude>
    <ClInclude Include="Source\ClockLocator.hpp">
      <Filter>Service Locators\Header Files</Filter>
    </ClInclude>
    <ClInclude Include="Source\ErrorHandlerLocator.hpp">
      <Filter>Service Locators\Header Files</Filter>
    </ClInclude>
    <ClInclude Include="Source\Loaders.hpp">
      <Filter>Service Locators\Header Files</Filter>
    </ClInclude>
    <ClInclude Include="Source\TaskManagerLocator.hpp">
      <Filter>Service Locators\Header Files</Filter>
    </ClInclude>
    <ClInclude Include="Source\WindowLocator.hpp">
      <Filter>Service Locators\Header Files</Filter>
    </ClInclude>
    <ClInclude Include="Source\ScriptScene.hpp">
      <Filter>Scripting\Header Files</Filter>
    </ClInclude>
    <ClInclude Include="Source\ScriptSystem.hpp">
      <Filter>Scripting\Header Files</Filter>
    </ClInclude>
    <ClInclude Include="Source\ScriptTask.hpp">
      <Filter>Scripting\Header Files</Filter>
    </ClInclude>
    <ClInclude Include="Source\BaseScriptObject.hpp">
      <Filter>Scripting\Objects\Header Files</Filter>
    </ClInclude>
    <ClInclude Include="Source\CameraScript.hpp">
      <Filter>Scripting\Objects\Header Files</Filter>
    </ClInclude>
    <ClInclude Include="Source\DebugUIScript.hpp">
      <Filter>Scripting\Objects\Header Files</Filter>
    </ClInclude>
    <ClInclude Include="Source\DeferredRenderer.hpp">
      <Filter>Renderer\Header Files</Filter>
    </ClInclude>
    <ClInclude Include="Source\Framebuffer.hpp">
      <Filter>Renderer\Header Files</Filter>
    </ClInclude>
    <ClInclude Include="Source\GeometryBuffer.hpp">
      <Filter>Renderer\Header Files</Filter>
    </ClInclude>
    <ClInclude Include="Source\Renderer.hpp">
      <Filter>Renderer\Header Files</Filter>
    </ClInclude>
    <ClInclude Include="Source\RendererScene.hpp">
      <Filter>Renderer\Header Files</Filter>
    </ClInclude>
    <ClInclude Include="Source\RendererSystem.hpp">
      <Filter>Renderer\Header Files</Filter>
    </ClInclude>
    <ClInclude Include="Source\RenderTask.hpp">
      <Filter>Renderer\Header Files</Filter>
    </ClInclude>
    <ClInclude Include="Source\RenderTaskBase.hpp">
      <Filter>Renderer\Header Files</Filter>
    </ClInclude>
    <ClInclude Include="Source\BaseGraphicsObjects.hpp">
      <Filter>Renderer\Objects\Header Files</Filter>
    </ClInclude>
    <ClInclude Include="Source\ShaderUniforms.hpp">
      <Filter>Shaders\Header Files</Filter>
    </ClInclude>
    <ClInclude Include="Source\ShaderUniformUpdater.hpp">
      <Filter>Shaders\Header Files</Filter>
    </ClInclude>
    <ClInclude Include="Source\ChangeController.hpp">
      <Filter>Header Files</Filter>
    </ClInclude>
    <ClInclude Include="Source\Clock.hpp">
      <Filter>Header Files</Filter>
    </ClInclude>
    <ClInclude Include="Source\Config.hpp">
      <Filter>Header Files</Filter>
    </ClInclude>
    <ClInclude Include="Source\Engine.hpp">
      <Filter>Header Files</Filter>
    </ClInclude>
    <ClInclude Include="Source\EngineDefinitions.hpp">
      <Filter>Header Files</Filter>
    </ClInclude>
    <ClInclude Include="Source\EnumFactory.hpp">
      <Filter>Header Files</Filter>
    </ClInclude>
    <ClInclude Include="Source\Input.hpp">
      <Filter>Header Files</Filter>
    </ClInclude>
    <ClInclude Include="Source\KeyCommand.hpp">
      <Filter>Header Files</Filter>
    </ClInclude>
    <ClInclude Include="Source\Math.hpp">
      <Filter>Header Files</Filter>
    </ClInclude>
    <ClInclude Include="Source\NullSystemObjects.hpp">
      <Filter>Header Files</Filter>
    </ClInclude>
    <ClInclude Include="Source\ObjectPool.hpp">
      <Filter>Header Files</Filter>
    </ClInclude>
    <ClInclude Include="Source\ObserverBase.hpp">
      <Filter>Header Files</Filter>
    </ClInclude>
    <ClInclude Include="Source\PropertySet.hpp">
      <Filter>Header Files</Filter>
    </ClInclude>
    <ClInclude Include="Source\Scancodes.hpp">
      <Filter>Header Files</Filter>
    </ClInclude>
    <ClInclude Include="Source\ServiceBase.hpp">
      <Filter>Header Files</Filter>
    </ClInclude>
    <ClInclude Include="Source\System.hpp">
      <Filter>Header Files</Filter>
    </ClInclude>
    <ClInclude Include="Source\Universal.hpp">
      <Filter>Header Files</Filter>
    </ClInclude>
    <ClInclude Include="Source\Utilities.hpp">
      <Filter>Header Files</Filter>
    </ClInclude>
    <ClInclude Include="Source\Window.hpp">
      <Filter>Header Files</Filter>
    </ClInclude>
    <ClInclude Include="Source\ModelGraphicsObjects.hpp">
      <Filter>Renderer\Objects\Header Files</Filter>
    </ClInclude>
    <ClInclude Include="Source\CameraGraphicsObject.hpp">
      <Filter>Renderer\Objects\Header Files</Filter>
    </ClInclude>
    <ClInclude Include="Source\ShaderGraphicsObjects.hpp">
      <Filter>Renderer\Objects\Header Files</Filter>
    </ClInclude>
    <ClInclude Include="Source\LightingGraphicsObjects.hpp">
      <Filter>Renderer\Objects\Header Files</Filter>
    </ClInclude>
    <ClInclude Include="Source\GraphicsDataSets.hpp">
      <Filter>Renderer\Header Files</Filter>
    </ClInclude>
    <ClInclude Include="Source\DebugMoveScript.hpp">
      <Filter>Scripting\Objects\Header Files</Filter>
    </ClInclude>
    <ClInclude Include="Source\EngineState.hpp">
      <Filter>Engine States\Header Files</Filter>
    </ClInclude>
    <ClInclude Include="Source\PlayState.hpp">
      <Filter>Engine States\Header Files</Filter>
    </ClInclude>
    <ClInclude Include="Source\WorldEditObject.hpp">
      <Filter>Scripting\Objects\Header Files</Filter>
    </ClInclude>
    <ClInclude Include="Source\SolarTimeScript.hpp">
      <Filter>Scripting\Objects\Header Files</Filter>
    </ClInclude>
    <ClInclude Include="resource.hpp">
      <Filter>Header Files</Filter>
    </ClInclude>
    <ClInclude Include="Source\EnvironmentMapObjects.hpp">
      <Filter>Renderer\Objects\Header Files</Filter>
    </ClInclude>
    <ClInclude Include="Source\RendererBackend.hpp">
      <Filter>Renderer\Header Files</Filter>
    </ClInclude>
    <ClInclude Include="Source\RendererFrontend.hpp">
      <Filter>Renderer\Header Files</Filter>
    </ClInclude>
    <ClInclude Include="Source\Definitions\Header Files\CommonDefinitions.hpp">
      <Filter>Header Files</Filter>
    </ClInclude>
    <ClInclude Include="Source\UniformData.hpp">
      <Filter>Renderer\Header Files</Filter>
    </ClInclude>
    <ClInclude Include="Source\RenderPassBase.hpp">
      <Filter>Renderer\Render Passes\Header Files</Filter>
    </ClInclude>
    <ClInclude Include="Source\GeometryPass.hpp">
      <Filter>Renderer\Render Passes\Header Files</Filter>
    </ClInclude>
    <ClInclude Include="Source\LightingPass.hpp">
      <Filter>Renderer\Render Passes\Header Files</Filter>
    </ClInclude>
    <ClInclude Include="Source\FinalPass.hpp">
      <Filter>Renderer\Render Passes\Header Files</Filter>
    </ClInclude>
    <ClInclude Include="Source\ReflectionPass.hpp">
      <Filter>Renderer\Render Passes\Header Files</Filter>
    </ClInclude>
    <ClInclude Include="Source\CommandBuffer.hpp">
      <Filter>Renderer\Header Files</Filter>
    </ClInclude>
    <ClInclude Include="Source\ObjectDirectory.hpp">
      <Filter>Service Locators\Header Files</Filter>
    </ClInclude>
    <ClInclude Include="resource1.hpp">
      <Filter>Header Files</Filter>
    </ClInclude>
    <ClInclude Include="Source\BlurPass.hpp">
      <Filter>Renderer\Render Passes\Header Files</Filter>
    </ClInclude>
    <ClInclude Include="Source\DebugRotateScript.hpp">
      <Filter>Scripting\Objects\Header Files</Filter>
    </ClInclude>
    <ClInclude Include="Source\SkyPass.hpp">
      <Filter>Renderer\Render Passes\Header Files</Filter>
    </ClInclude>
    <ClInclude Include="Source\HdrMappingPass.hpp">
      <Filter>Renderer\Render Passes\Header Files</Filter>
    </ClInclude>
    <ClInclude Include="Source\PostProcessPass.hpp">
      <Filter>Renderer\Render Passes\Header Files</Filter>
    </ClInclude>
    <ClInclude Include="Source\AtmScatteringModel.hpp">
      <Filter>Renderer\Header Files</Filter>
    </ClInclude>
    <ClInclude Include="Source\AtmScatteringConstants.hpp">
      <Filter>Renderer\Header Files</Filter>
    </ClInclude>
    <ClInclude Include="Source\AtmScatteringShaderFunctions.hpp">
      <Filter>Shaders\Shader Files</Filter>
    </ClInclude>
    <ClInclude Include="Source\AtmScatteringShaderDefinitions.hpp">
      <Filter>Shaders\Shader Files</Filter>
    </ClInclude>
    <ClInclude Include="Source\AtmScatteringPass.hpp">
      <Filter>Renderer\Render Passes\Header Files</Filter>
    </ClInclude>
    <ClInclude Include="Source\AtmScatteringShaderPass.hpp">
      <Filter>Shaders\Shader Files</Filter>
    </ClInclude>
    <ClInclude Include="Source\SunScript.hpp">
      <Filter>Scripting\Objects\Header Files</Filter>
    </ClInclude>
    <ClInclude Include="Source\BloomCompositePass.hpp">
      <Filter>Renderer\Render Passes\Header Files</Filter>
    </ClInclude>
    <ClInclude Include="Source\LenseFlarePass.hpp">
      <Filter>Renderer\Render Passes\Header Files</Filter>
    </ClInclude>
    <ClInclude Include="Source\LenseFlareCompositePass.hpp">
      <Filter>Renderer\Render Passes\Header Files</Filter>
    </ClInclude>
    <ClInclude Include="Source\Filesystem.hpp">
      <Filter>Header Files</Filter>
    </ClInclude>
    <ClInclude Include="Source\WorldScene.hpp">
      <Filter>World\Header Files</Filter>
    </ClInclude>
    <ClInclude Include="Source\GameObject.hpp">
      <Filter>World\Components</Filter>
    </ClInclude>
    <ClInclude Include="Source\WorldTask.hpp">
      <Filter>World\Header Files</Filter>
    </ClInclude>
    <ClInclude Include="Source\Definitions\Header Files\Containers.hpp">
      <Filter>Header Files</Filter>
    </ClInclude>
    <ClInclude Include="Source\GraphicsObject.hpp">
      <Filter>Renderer\Objects\Header Files</Filter>
    </ClInclude>
    <ClInclude Include="Source\ObjectRegister.hpp">
      <Filter>Header Files</Filter>
    </ClInclude>
    <ClInclude Include="Source\BaseGraphicsComponent.hpp">
      <Filter>Renderer\Objects\Header Files</Filter>
    </ClInclude>
    <ClInclude Include="Source\ModelComponent.hpp">
      <Filter>Renderer\Objects\Header Files</Filter>
    </ClInclude>
    <ClInclude Include="Source\ShaderComponent.hpp">
      <Filter>Renderer\Objects\Header Files</Filter>
    </ClInclude>
    <ClInclude Include="Source\CameraComponent.hpp">
      <Filter>Renderer\Objects\Header Files</Filter>
    </ClInclude>
    <ClInclude Include="Source\LightComponent.hpp">
      <Filter>Renderer\Objects\Header Files</Filter>
    </ClInclude>
    <ClInclude Include="Source\GameLogicObject.hpp">
      <Filter>Scripting\Objects\Header Files</Filter>
    </ClInclude>
    <ClInclude Include="Source\InheritanceObjects.hpp">
      <Filter>Header Files</Filter>
    </ClInclude>
    <ClInclude Include="Source\NullObjects.hpp">
      <Filter>Header Files</Filter>
    </ClInclude>
    <ClInclude Include="Source\WorldSystem.hpp">
      <Filter>World\Header Files</Filter>
    </ClInclude>
    <ClInclude Include="Source\ScriptObject.hpp">
      <Filter>Scripting\Objects\Header Files</Filter>
    </ClInclude>
    <ClInclude Include="Source\LuaComponent.hpp">
      <Filter>Scripting\Objects\Header Files</Filter>
    </ClInclude>
    <ClInclude Include="Source\LuaScript.hpp">
      <Filter>Scripting\Objects\Header Files</Filter>
    </ClInclude>
    <ClInclude Include="Source\GUIScene.hpp">
      <Filter>GUI\Header Files</Filter>
    </ClInclude>
    <ClInclude Include="Source\GUITask.hpp">
      <Filter>GUI\Header Files</Filter>
    </ClInclude>
    <ClInclude Include="Source\GUISystem.hpp">
      <Filter>GUI\Header Files</Filter>
    </ClInclude>
    <ClInclude Include="Source\PhysicsSystem.hpp">
      <Filter>Physics\Header Files</Filter>
    </ClInclude>
    <ClInclude Include="Source\PhysicsScene.hpp">
      <Filter>Physics\Header Files</Filter>
    </ClInclude>
    <ClInclude Include="Source\PhysicsTask.hpp">
      <Filter>Physics\Header Files</Filter>
    </ClInclude>
    <ClInclude Include="Source\GUIHandler.hpp">
      <Filter>Header Files</Filter>
    </ClInclude>
    <ClInclude Include="Source\GUIHandlerLocator.hpp">
      <Filter>Service Locators\Header Files</Filter>
    </ClInclude>
    <ClInclude Include="..\Dependencies\include\imgui\imconfig.h">
      <Filter>3rd Party\imgui\Header Files</Filter>
    </ClInclude>
    <ClInclude Include="..\Dependencies\include\imgui\imgui.h">
      <Filter>3rd Party\imgui\Header Files</Filter>
    </ClInclude>
    <ClInclude Include="..\Dependencies\include\imgui\imgui_internal.h">
      <Filter>3rd Party\imgui\Header Files</Filter>
    </ClInclude>
    <ClInclude Include="..\Dependencies\include\imgui\backends\imgui_impl_opengl3.h">
      <Filter>3rd Party\imgui\Header Files</Filter>
    </ClInclude>
    <ClInclude Include="..\Dependencies\include\imgui\backends\imgui_impl_opengl3_loader.h">
      <Filter>3rd Party\imgui\Header Files</Filter>
    </ClInclude>
    <ClInclude Include="Source\GUIPass.hpp">
      <Filter>Renderer\Render Passes\Header Files</Filter>
    </ClInclude>
    <ClInclude Include="Source\GUICommandBuffer.hpp">
      <Filter>Header Files</Filter>
    </ClInclude>
    <ClInclude Include="Source\GUIObject.hpp">
      <Filter>GUI\Objects\Header Files</Filter>
    </ClInclude>
    <ClInclude Include="Source\GUISequenceComponent.hpp">
      <Filter>GUI\Objects\Header Files</Filter>
    </ClInclude>
    <ClInclude Include="Source\SpatialDataManager.hpp">
      <Filter>Data Managers</Filter>
    </ClInclude>
    <ClInclude Include="Source\GUIDataManager.hpp">
      <Filter>Data Managers</Filter>
    </ClInclude>
    <ClInclude Include="Source\PhysicsDataManager.hpp">
      <Filter>Data Managers</Filter>
    </ClInclude>
    <ClInclude Include="Source\PhysicsObject.hpp">
      <Filter>Physics\Components\Header Files</Filter>
    </ClInclude>
    <ClInclude Include="Source\PhysicsMotionState.hpp">
      <Filter>Physics\Header Files</Filter>
    </ClInclude>
    <ClInclude Include="Source\RigidBodyComponent.hpp">
      <Filter>Physics\Components\Header Files</Filter>
    </ClInclude>
    <ClInclude Include="Source\CollisionShapeComponent.hpp">
      <Filter>Physics\Components\Header Files</Filter>
    </ClInclude>
    <ClInclude Include="Source\SpatialComponent.hpp">
      <Filter>World\Components</Filter>
    </ClInclude>
    <ClInclude Include="Source\GameObjectComponent.hpp">
      <Filter>World\Components</Filter>
    </ClInclude>
    <ClInclude Include="Source\EntityViewDefinitions.hpp">
      <Filter>Header Files</Filter>
    </ClInclude>
    <ClInclude Include="Source\BloomPass.hpp">
      <Filter>Renderer\Render Passes\Header Files</Filter>
    </ClInclude>
    <ClInclude Include="Source\LuminancePass.hpp">
      <Filter>Renderer\Render Passes\Header Files</Filter>
    </ClInclude>
    <ClInclude Include="Source\ComponentConstructorInfo.hpp">
      <Filter>Header Files</Filter>
    </ClInclude>
    <ClInclude Include="Source\AudioScene.hpp">
      <Filter>Audio\Header Files</Filter>
    </ClInclude>
    <ClInclude Include="Source\AudioTask.hpp">
      <Filter>Audio\Header Files</Filter>
    </ClInclude>
    <ClInclude Include="Source\AudioSystem.hpp">
      <Filter>Audio\Header Files</Filter>
    </ClInclude>
    <ClInclude Include="Source\MainMenuState.hpp">
      <Filter>Engine States\Header Files</Filter>
    </ClInclude>
    <ClInclude Include="Source\GraphicsLoadComponents.hpp">
      <Filter>Renderer\Objects\Header Files</Filter>
    </ClInclude>
    <ClInclude Include="Source\SoundComponent.hpp">
      <Filter>Audio\Components</Filter>
    </ClInclude>
    <ClInclude Include="Source\ObjectMaterialComponent.hpp">
      <Filter>World\Components</Filter>
    </ClInclude>
    <ClInclude Include="Source\CollisionEventComponent.hpp">
      <Filter>Physics\Components\Header Files</Filter>
    </ClInclude>
    <ClInclude Include="Source\SoundListenerComponent.hpp">
      <Filter>Audio\Components</Filter>
    </ClInclude>
    <ClInclude Include="Source\FmodErrorCodes.hpp">
      <Filter>Audio\Header Files</Filter>
    </ClInclude>
    <ClInclude Include="Source\ImpactSoundComponent.hpp">
      <Filter>Audio\Components</Filter>
    </ClInclude>
    <ClInclude Include="Source\EditorState.hpp">
      <Filter>Engine States\Header Files</Filter>
    </ClInclude>
    <ClInclude Include="Source\EditorWindow.hpp">
      <Filter>GUI\Objects\Header Files</Filter>
    </ClInclude>
    <ClInclude Include="Source\MetadataComponent.hpp">
      <Filter>World\Components</Filter>
    </ClInclude>
    <ClInclude Include="..\Dependencies\include\imgui_tex_inspect\imgui_tex_inspect.h">
      <Filter>3rd Party\imgui_tex_inspect\Header Files</Filter>
    </ClInclude>
    <ClInclude Include="..\Dependencies\include\imgui_tex_inspect\imgui_tex_inspect_internal.h">
      <Filter>3rd Party\imgui_tex_inspect\Header Files</Filter>
    </ClInclude>
    <ClInclude Include="..\Dependencies\include\imgui_tex_inspect\tex_inspect_opengl.h">
      <Filter>3rd Party\imgui_tex_inspect\Header Files</Filter>
    </ClInclude>
    <ClInclude Include="..\Dependencies\include\imgui\imgui_stdlib.h">
      <Filter>3rd Party\imgui\Header Files</Filter>
    </ClInclude>
    <ClInclude Include="..\Dependencies\include\ImGuizmo\ImGuizmo.h">
      <Filter>3rd Party\ImGuizmo</Filter>
    </ClInclude>
    <ClInclude Include="Source\Version.hpp">
      <Filter>Header Files</Filter>
    </ClInclude>
    <ClInclude Include="..\Dependencies\include\imgui\backends\imgui_impl_sdl2.h">
      <Filter>3rd Party\imgui\Header Files</Filter>
    </ClInclude>
    <ClInclude Include="Source\AmbientOcclusionPass.hpp">
      <Filter>Renderer\Render Passes\Header Files</Filter>
    </ClInclude>
    <ClInclude Include="Source\ShadowMappingPass.hpp">
      <Filter>Renderer\Render Passes\Header Files</Filter>
    </ClInclude>
    <ClInclude Include="Source\CSMFramebuffer.hpp">
      <Filter>Renderer\Header Files</Filter>
    </ClInclude>
    <ClInclude Include="Source\AboutWindow.hpp">
      <Filter>GUI\Objects\Header Files</Filter>
    </ClInclude>
    <ClInclude Include="Source\TonemappingPass.hpp">
      <Filter>Renderer\Render Passes\Header Files</Filter>
    </ClInclude>
  </ItemGroup>
  <ItemGroup>
    <None Include="Data\config.ini" />
  </ItemGroup>
  <ItemGroup>
    <ResourceCompile Include="Praxis3D1.rc">
      <Filter>Resource Files</Filter>
    </ResourceCompile>
  </ItemGroup>
  <ItemGroup>
    <Image Include="icon1.ico">
      <Filter>Resource Files</Filter>
    </Image>
    <Image Include="..\praxis icon.ico">
      <Filter>Resource Files</Filter>
    </Image>
    <Image Include="E:\Mano\My Pictures\Logo\Praxis3D_icon.ico">
      <Filter>Resource Files</Filter>
    </Image>
  </ItemGroup>
  <ItemGroup>
    <Text Include="Data\error-strings-eng.data" />
  </ItemGroup>
</Project>